
Microsoft Visual Studio Solution File, Format Version 12.00
# Visual Studio 2013
VisualStudioVersion = 12.0.30501.0
MinimumVisualStudioVersion = 10.0.40219.1
Project("{FAE04EC0-301F-11D3-BF4B-00C04F79EFBC}") = "Core", "Core\Core.csproj", "{68550694-E10E-493D-AE1A-2F2EFA1F8684}"
EndProject
Project("{FAE04EC0-301F-11D3-BF4B-00C04F79EFBC}") = "GUI", "GUI\GUI.csproj", "{830916F1-DBA0-4CA5-9411-80ABB4E4C5DB}"
	ProjectSection(ProjectDependencies) = postProject
		{68550694-E10E-493D-AE1A-2F2EFA1F8684} = {68550694-E10E-493D-AE1A-2F2EFA1F8684}
		{90FA6DD7-0743-4422-9DAA-26ED156608DE} = {90FA6DD7-0743-4422-9DAA-26ED156608DE}
	EndProjectSection
EndProject
Project("{FAE04EC0-301F-11D3-BF4B-00C04F79EFBC}") = "RobotControl", "RobotControl\RobotControl.csproj", "{90FA6DD7-0743-4422-9DAA-26ED156608DE}"
EndProject
Project("{2150E333-8FDC-42A3-9474-1A3956D46DE8}") = "Ressources", "Ressources", "{1B1E6E2B-B5FD-40ED-ABC7-44CA144F248C}"
	ProjectSection(SolutionItems) = preProject
		..\Ressources\RobotControl.mdj = ..\Ressources\RobotControl.mdj
		..\Ressources\RobotControl.pdf = ..\Ressources\RobotControl.pdf
	EndProjectSection
EndProject
Project("{FAE04EC0-301F-11D3-BF4B-00C04F79EFBC}") = "HilfsGUI", "HilfsGUI\HilfsGUI.csproj", "{721FBF84-48A8-4349-9732-F867CF4E7DA8}"
EndProject
Project("{FAE04EC0-301F-11D3-BF4B-00C04F79EFBC}") = "WpfApplication1", "WpfApplication1\WpfApplication1.csproj", "{9B043792-6F8E-4DBE-B879-ACFE2C0C2BDF}"
EndProject
Global
	GlobalSection(SolutionConfigurationPlatforms) = preSolution
		Debug|Any CPU = Debug|Any CPU
		Release|Any CPU = Release|Any CPU
	EndGlobalSection
	GlobalSection(ProjectConfigurationPlatforms) = postSolution
		{68550694-E10E-493D-AE1A-2F2EFA1F8684}.Debug|Any CPU.ActiveCfg = Debug|Any CPU
		{68550694-E10E-493D-AE1A-2F2EFA1F8684}.Debug|Any CPU.Build.0 = Debug|Any CPU
		{68550694-E10E-493D-AE1A-2F2EFA1F8684}.Release|Any CPU.ActiveCfg = Release|Any CPU
		{68550694-E10E-493D-AE1A-2F2EFA1F8684}.Release|Any CPU.Build.0 = Release|Any CPU
		{830916F1-DBA0-4CA5-9411-80ABB4E4C5DB}.Debug|Any CPU.ActiveCfg = Debug|Any CPU
		{830916F1-DBA0-4CA5-9411-80ABB4E4C5DB}.Debug|Any CPU.Build.0 = Debug|Any CPU
		{830916F1-DBA0-4CA5-9411-80ABB4E4C5DB}.Release|Any CPU.ActiveCfg = Release|Any CPU
		{830916F1-DBA0-4CA5-9411-80ABB4E4C5DB}.Release|Any CPU.Build.0 = Release|Any CPU
		{90FA6DD7-0743-4422-9DAA-26ED156608DE}.Debug|Any CPU.ActiveCfg = Debug|Any CPU
		{90FA6DD7-0743-4422-9DAA-26ED156608DE}.Debug|Any CPU.Build.0 = Debug|Any CPU
		{90FA6DD7-0743-4422-9DAA-26ED156608DE}.Release|Any CPU.ActiveCfg = Release|Any CPU
		{90FA6DD7-0743-4422-9DAA-26ED156608DE}.Release|Any CPU.Build.0 = Release|Any CPU
		{721FBF84-48A8-4349-9732-F867CF4E7DA8}.Debug|Any CPU.ActiveCfg = Debug|Any CPU
		{721FBF84-48A8-4349-9732-F867CF4E7DA8}.Debug|Any CPU.Build.0 = Debug|Any CPU
		{721FBF84-48A8-4349-9732-F867CF4E7DA8}.Release|Any CPU.ActiveCfg = Release|Any CPU
		{721FBF84-48A8-4349-9732-F867CF4E7DA8}.Release|Any CPU.Build.0 = Release|Any CPU
		{9B043792-6F8E-4DBE-B879-ACFE2C0C2BDF}.Debug|Any CPU.ActiveCfg = Debug|Any CPU
		{9B043792-6F8E-4DBE-B879-ACFE2C0C2BDF}.Debug|Any CPU.Build.0 = Debug|Any CPU
		{9B043792-6F8E-4DBE-B879-ACFE2C0C2BDF}.Release|Any CPU.ActiveCfg = Release|Any CPU
		{9B043792-6F8E-4DBE-B879-ACFE2C0C2BDF}.Release|Any CPU.Build.0 = Release|Any CPU
	EndGlobalSection
	GlobalSection(SolutionProperties) = preSolution
		HideSolutionNode = FALSE
	EndGlobalSection
EndGlobal
